
Microsoft Visual Studio Solution File, Format Version 12.00
# Visual Studio Version 16
VisualStudioVersion = 16.0.32901.82
MinimumVisualStudioVersion = 10.0.40219.1
Project("{FAE04EC0-301F-11D3-BF4B-00C04F79EFBC}") = "csharplog", "csharplog.csproj", "{7B91C6FC-C484-4066-B64A-23F1E5C0E78E}"
EndProject
Global
	GlobalSection(SolutionConfigurationPlatforms) = preSolution
		Debug|Any CPU = Debug|Any CPU
		Release|Any CPU = Release|Any CPU
	EndGlobalSection
	GlobalSection(ProjectConfigurationPlatforms) = postSolution
		{7B91C6FC-C484-4066-B64A-23F1E5C0E78E}.Debug|Any CPU.ActiveCfg = Debug|Any CPU
		{7B91C6FC-C484-4066-B64A-23F1E5C0E78E}.Debug|Any CPU.Build.0 = Debug|Any CPU
		{7B91C6FC-C484-4066-B64A-23F1E5C0E78E}.Release|Any CPU.ActiveCfg = Release|Any CPU
		{7B91C6FC-C484-4066-B64A-23F1E5C0E78E}.Release|Any CPU.Build.0 = Release|Any CPU
	EndGlobalSection
	GlobalSection(SolutionProperties) = preSolution
		HideSolutionNode = FALSE
	EndGlobalSection
	GlobalSection(ExtensibilityGlobals) = postSolution
		SolutionGuid = {51176F96-9FC1-4224-95D9-97C72A8CA87D}
	EndGlobalSection
EndGlobal
